<?xml version="1.0" encoding="UTF-8"?>
<!DOCTYPE plist PUBLIC "-//Apple//DTD PLIST 1.0//EN" "http://www.apple.com/DTDs/PropertyList-1.0.dtd">
<plist version="1.0">
<dict>
	<key>archiveVersion</key>
	<string>1</string>
	<key>classes</key>
	<dict/>
	<key>objectVersion</key>
	<string>46</string>
	<key>objects</key>
	<dict>
		<key>00573407FED6D630FD560FAE</key>
		<dict>
			<key>explicitFileType</key>
			<string>archive.ar</string>
			<key>includeInIndex</key>
			<string>0</string>
			<key>isa</key>
			<string>PBXFileReference</string>
			<key>path</key>
			<string>libPods.a</string>
			<key>sourceTree</key>
			<string>BUILT_PRODUCTS_DIR</string>
		</dict>
		<key>187DAC651D5C132E00B8F2D0</key>
		<dict>
			<key>children</key>
			<array>
				<string>187DAC701D5C132E00B8F2D0</string>
				<string>187DAC6F1D5C132E00B8F2D0</string>
				<string>4EE87304437C53326C292AC1</string>
				<string>76B4C087EDD781B26C836302</string>
			</array>
			<key>isa</key>
			<string>PBXGroup</string>
			<key>sourceTree</key>
			<string>&lt;group&gt;</string>
		</dict>
		<key>187DAC661D5C132E00B8F2D0</key>
		<dict>
			<key>attributes</key>
			<dict>
				<key>LastUpgradeCheck</key>
				<string>0730</string>
				<key>ORGANIZATIONNAME</key>
				<string>SmartWalle</string>
				<key>TargetAttributes</key>
				<dict>
					<key>187DAC6D1D5C132E00B8F2D0</key>
					<dict>
						<key>CreatedOnToolsVersion</key>
						<string>7.3.1</string>
					</dict>
				</dict>
			</dict>
			<key>buildConfigurationList</key>
			<string>187DAC691D5C132E00B8F2D0</string>
			<key>compatibilityVersion</key>
			<string>Xcode 3.2</string>
			<key>developmentRegion</key>
			<string>English</string>
			<key>hasScannedForEncodings</key>
			<string>0</string>
			<key>isa</key>
			<string>PBXProject</string>
			<key>knownRegions</key>
			<array>
				<string>en</string>
				<string>Base</string>
			</array>
			<key>mainGroup</key>
			<string>187DAC651D5C132E00B8F2D0</string>
			<key>productRefGroup</key>
			<string>187DAC6F1D5C132E00B8F2D0</string>
			<key>projectDirPath</key>
			<string></string>
			<key>projectReferences</key>
			<array/>
			<key>projectRoot</key>
			<string></string>
			<key>targets</key>
			<array>
				<string>187DAC6D1D5C132E00B8F2D0</string>
			</array>
		</dict>
		<key>187DAC691D5C132E00B8F2D0</key>
		<dict>
			<key>buildConfigurations</key>
			<array>
				<string>187DAC831D5C132E00B8F2D0</string>
				<string>187DAC841D5C132E00B8F2D0</string>
			</array>
			<key>defaultConfigurationIsVisible</key>
			<string>0</string>
			<key>defaultConfigurationName</key>
			<string>Release</string>
			<key>isa</key>
			<string>XCConfigurationList</string>
		</dict>
		<key>187DAC6A1D5C132E00B8F2D0</key>
		<dict>
			<key>buildActionMask</key>
			<string>2147483647</string>
			<key>files</key>
			<array>
				<string>187DAC791D5C132E00B8F2D0</string>
				<string>187DAC941D5C264400B8F2D0</string>
				<string>187DACDD1D5C64D700B8F2D0</string>
				<string>187DAC761D5C132E00B8F2D0</string>
				<string>D51971C21D5ECD3A0009C1FF</string>
				<string>187DAC731D5C132E00B8F2D0</string>
				<string>187DAC8F1D5C144700B8F2D0</string>
				<string>187DAC8B1D5C143500B8F2D0</string>
			</array>
			<key>isa</key>
			<string>PBXSourcesBuildPhase</string>
			<key>runOnlyForDeploymentPostprocessing</key>
			<string>0</string>
		</dict>
		<key>187DAC6B1D5C132E00B8F2D0</key>
		<dict>
			<key>buildActionMask</key>
			<string>2147483647</string>
			<key>files</key>
			<array>
				<string>D067B4D382171FCFDED5D06E</string>
			</array>
			<key>isa</key>
			<string>PBXFrameworksBuildPhase</string>
			<key>runOnlyForDeploymentPostprocessing</key>
			<string>0</string>
		</dict>
		<key>187DAC6C1D5C132E00B8F2D0</key>
		<dict>
			<key>buildActionMask</key>
			<string>2147483647</string>
			<key>files</key>
			<array>
				<string>188B5D1D1D5DA45A0050FD9B</string>
				<string>188B5D1A1D5D9D5A0050FD9B</string>
				<string>187DAC811D5C132E00B8F2D0</string>
				<string>D59609791D5CBF1500B02310</string>
				<string>D59609761D5CBF1500B02310</string>
				<string>D59609751D5CBF1500B02310</string>
				<string>188B5D181D5D7CAC0050FD9B</string>
				<string>187DAC7E1D5C132E00B8F2D0</string>
				<string>D59609781D5CBF1500B02310</string>
				<string>187DAC7C1D5C132E00B8F2D0</string>
				<string>D59609771D5CBF1500B02310</string>
				<string>D5025EF11D5DFB1A00F5FF26</string>
			</array>
			<key>isa</key>
			<string>PBXResourcesBuildPhase</string>
			<key>runOnlyForDeploymentPostprocessing</key>
			<string>0</string>
		</dict>
		<key>187DAC6D1D5C132E00B8F2D0</key>
		<dict>
			<key>buildConfigurationList</key>
			<string>187DAC851D5C132E00B8F2D0</string>
			<key>buildPhases</key>
			<array>
				<string>E45815C17AEBE51DDEBE3D0C</string>
				<string>187DAC6A1D5C132E00B8F2D0</string>
				<string>187DAC6B1D5C132E00B8F2D0</string>
				<string>187DAC6C1D5C132E00B8F2D0</string>
				<string>E606CFE69F6B479F31FF51DD</string>
				<string>6FF35D5642509616E8145772</string>
			</array>
			<key>buildRules</key>
			<array/>
			<key>dependencies</key>
			<array/>
			<key>isa</key>
			<string>PBXNativeTarget</string>
			<key>name</key>
			<string>KIImageViewer</string>
			<key>productName</key>
			<string>KIImageViewer</string>
			<key>productReference</key>
			<string>187DAC6E1D5C132E00B8F2D0</string>
			<key>productType</key>
			<string>com.apple.product-type.application</string>
		</dict>
		<key>187DAC6E1D5C132E00B8F2D0</key>
		<dict>
			<key>explicitFileType</key>
			<string>wrapper.application</string>
			<key>includeInIndex</key>
			<string>0</string>
			<key>isa</key>
			<string>PBXFileReference</string>
			<key>path</key>
			<string>KIImageViewer.app</string>
			<key>sourceTree</key>
			<string>BUILT_PRODUCTS_DIR</string>
		</dict>
		<key>187DAC6F1D5C132E00B8F2D0</key>
		<dict>
			<key>children</key>
			<array>
				<string>187DAC6E1D5C132E00B8F2D0</string>
			</array>
			<key>isa</key>
			<string>PBXGroup</string>
			<key>name</key>
			<string>Products</string>
			<key>sourceTree</key>
			<string>&lt;group&gt;</string>
		</dict>
		<key>187DAC701D5C132E00B8F2D0</key>
		<dict>
			<key>children</key>
			<array>
				<string>187DAC881D5C133C00B8F2D0</string>
				<string>187DAC741D5C132E00B8F2D0</string>
				<string>187DAC751D5C132E00B8F2D0</string>
				<string>187DAC771D5C132E00B8F2D0</string>
				<string>187DAC781D5C132E00B8F2D0</string>
				<string>D596096F1D5CBF1500B02310</string>
				<string>187DAC7A1D5C132E00B8F2D0</string>
				<string>187DAC7D1D5C132E00B8F2D0</string>
				<string>187DAC7F1D5C132E00B8F2D0</string>
				<string>187DAC821D5C132E00B8F2D0</string>
				<string>187DAC711D5C132E00B8F2D0</string>
			</array>
			<key>isa</key>
			<string>PBXGroup</string>
			<key>path</key>
			<string>KIImageViewer</string>
			<key>sourceTree</key>
			<string>&lt;group&gt;</string>
		</dict>
		<key>187DAC711D5C132E00B8F2D0</key>
		<dict>
			<key>children</key>
			<array>
				<string>187DAC721D5C132E00B8F2D0</string>
			</array>
			<key>isa</key>
			<string>PBXGroup</string>
			<key>name</key>
			<string>Supporting Files</string>
			<key>sourceTree</key>
			<string>&lt;group&gt;</string>
		</dict>
		<key>187DAC721D5C132E00B8F2D0</key>
		<dict>
			<key>isa</key>
			<string>PBXFileReference</string>
			<key>lastKnownFileType</key>
			<string>sourcecode.c.objc</string>
			<key>path</key>
			<string>main.m</string>
			<key>sourceTree</key>
			<string>&lt;group&gt;</string>
		</dict>
		<key>187DAC731D5C132E00B8F2D0</key>
		<dict>
			<key>fileRef</key>
			<string>187DAC721D5C132E00B8F2D0</string>
			<key>isa</key>
			<string>PBXBuildFile</string>
		</dict>
		<key>187DAC741D5C132E00B8F2D0</key>
		<dict>
			<key>isa</key>
			<string>PBXFileReference</string>
			<key>lastKnownFileType</key>
			<string>sourcecode.c.h</string>
			<key>path</key>
			<string>AppDelegate.h</string>
			<key>sourceTree</key>
			<string>&lt;group&gt;</string>
		</dict>
		<key>187DAC751D5C132E00B8F2D0</key>
		<dict>
			<key>isa</key>
			<string>PBXFileReference</string>
			<key>lastKnownFileType</key>
			<string>sourcecode.c.objc</string>
			<key>path</key>
			<string>AppDelegate.m</string>
			<key>sourceTree</key>
			<string>&lt;group&gt;</string>
		</dict>
		<key>187DAC761D5C132E00B8F2D0</key>
		<dict>
			<key>fileRef</key>
			<string>187DAC751D5C132E00B8F2D0</string>
			<key>isa</key>
			<string>PBXBuildFile</string>
		</dict>
		<key>187DAC771D5C132E00B8F2D0</key>
		<dict>
			<key>isa</key>
			<string>PBXFileReference</string>
			<key>lastKnownFileType</key>
			<string>sourcecode.c.h</string>
			<key>path</key>
			<string>ViewController.h</string>
			<key>sourceTree</key>
			<string>&lt;group&gt;</string>
		</dict>
		<key>187DAC781D5C132E00B8F2D0</key>
		<dict>
			<key>isa</key>
			<string>PBXFileReference</string>
			<key>lastKnownFileType</key>
			<string>sourcecode.c.objc</string>
			<key>path</key>
			<string>ViewController.m</string>
			<key>sourceTree</key>
			<string>&lt;group&gt;</string>
		</dict>
		<key>187DAC791D5C132E00B8F2D0</key>
		<dict>
			<key>fileRef</key>
			<string>187DAC781D5C132E00B8F2D0</string>
			<key>isa</key>
			<string>PBXBuildFile</string>
		</dict>
		<key>187DAC7A1D5C132E00B8F2D0</key>
		<dict>
			<key>children</key>
			<array>
				<string>187DAC7B1D5C132E00B8F2D0</string>
			</array>
			<key>isa</key>
			<string>PBXVariantGroup</string>
			<key>name</key>
			<string>Main.storyboard</string>
			<key>sourceTree</key>
			<string>&lt;group&gt;</string>
		</dict>
		<key>187DAC7B1D5C132E00B8F2D0</key>
		<dict>
			<key>isa</key>
			<string>PBXFileReference</string>
			<key>lastKnownFileType</key>
			<string>file.storyboard</string>
			<key>name</key>
			<string>Base</string>
			<key>path</key>
			<string>Base.lproj/Main.storyboard</string>
			<key>sourceTree</key>
			<string>&lt;group&gt;</string>
		</dict>
		<key>187DAC7C1D5C132E00B8F2D0</key>
		<dict>
			<key>fileRef</key>
			<string>187DAC7A1D5C132E00B8F2D0</string>
			<key>isa</key>
			<string>PBXBuildFile</string>
		</dict>
		<key>187DAC7D1D5C132E00B8F2D0</key>
		<dict>
			<key>isa</key>
			<string>PBXFileReference</string>
			<key>lastKnownFileType</key>
			<string>folder.assetcatalog</string>
			<key>path</key>
			<string>Assets.xcassets</string>
			<key>sourceTree</key>
			<string>&lt;group&gt;</string>
		</dict>
		<key>187DAC7E1D5C132E00B8F2D0</key>
		<dict>
			<key>fileRef</key>
			<string>187DAC7D1D5C132E00B8F2D0</string>
			<key>isa</key>
			<string>PBXBuildFile</string>
		</dict>
		<key>187DAC7F1D5C132E00B8F2D0</key>
		<dict>
			<key>children</key>
			<array>
				<string>187DAC801D5C132E00B8F2D0</string>
			</array>
			<key>isa</key>
			<string>PBXVariantGroup</string>
			<key>name</key>
			<string>LaunchScreen.storyboard</string>
			<key>sourceTree</key>
			<string>&lt;group&gt;</string>
		</dict>
		<key>187DAC801D5C132E00B8F2D0</key>
		<dict>
			<key>isa</key>
			<string>PBXFileReference</string>
			<key>lastKnownFileType</key>
			<string>file.storyboard</string>
			<key>name</key>
			<string>Base</string>
			<key>path</key>
			<string>Base.lproj/LaunchScreen.storyboard</string>
			<key>sourceTree</key>
			<string>&lt;group&gt;</string>
		</dict>
		<key>187DAC811D5C132E00B8F2D0</key>
		<dict>
			<key>fileRef</key>
			<string>187DAC7F1D5C132E00B8F2D0</string>
			<key>isa</key>
			<string>PBXBuildFile</string>
		</dict>
		<key>187DAC821D5C132E00B8F2D0</key>
		<dict>
			<key>isa</key>
			<string>PBXFileReference</string>
			<key>lastKnownFileType</key>
			<string>text.plist.xml</string>
			<key>path</key>
			<string>Info.plist</string>
			<key>sourceTree</key>
			<string>&lt;group&gt;</string>
		</dict>
		<key>187DAC831D5C132E00B8F2D0</key>
		<dict>
			<key>buildSettings</key>
			<dict>
				<key>ALWAYS_SEARCH_USER_PATHS</key>
				<string>NO</string>
				<key>CLANG_ANALYZER_NONNULL</key>
				<string>YES</string>
				<key>CLANG_CXX_LANGUAGE_STANDARD</key>
				<string>gnu++0x</string>
				<key>CLANG_CXX_LIBRARY</key>
				<string>libc++</string>
				<key>CLANG_ENABLE_MODULES</key>
				<string>YES</string>
				<key>CLANG_ENABLE_OBJC_ARC</key>
				<string>YES</string>
				<key>CLANG_WARN_BOOL_CONVERSION</key>
				<string>YES</string>
				<key>CLANG_WARN_CONSTANT_CONVERSION</key>
				<string>YES</string>
				<key>CLANG_WARN_DIRECT_OBJC_ISA_USAGE</key>
				<string>YES_ERROR</string>
				<key>CLANG_WARN_EMPTY_BODY</key>
				<string>YES</string>
				<key>CLANG_WARN_ENUM_CONVERSION</key>
				<string>YES</string>
				<key>CLANG_WARN_INT_CONVERSION</key>
				<string>YES</string>
				<key>CLANG_WARN_OBJC_ROOT_CLASS</key>
				<string>YES_ERROR</string>
				<key>CLANG_WARN_UNREACHABLE_CODE</key>
				<string>YES</string>
				<key>CLANG_WARN__DUPLICATE_METHOD_MATCH</key>
				<string>YES</string>
				<key>CODE_SIGN_IDENTITY[sdk=iphoneos*]</key>
				<string>iPhone Developer</string>
				<key>COPY_PHASE_STRIP</key>
				<string>NO</string>
				<key>DEBUG_INFORMATION_FORMAT</key>
				<string>dwarf</string>
				<key>ENABLE_STRICT_OBJC_MSGSEND</key>
				<string>YES</string>
				<key>ENABLE_TESTABILITY</key>
				<string>YES</string>
				<key>GCC_C_LANGUAGE_STANDARD</key>
				<string>gnu99</string>
				<key>GCC_DYNAMIC_NO_PIC</key>
				<string>NO</string>
				<key>GCC_NO_COMMON_BLOCKS</key>
				<string>YES</string>
				<key>GCC_OPTIMIZATION_LEVEL</key>
				<string>0</string>
				<key>GCC_PREPROCESSOR_DEFINITIONS</key>
				<array>
					<string>DEBUG=1</string>
					<string>$(inherited)</string>
				</array>
				<key>GCC_WARN_64_TO_32_BIT_CONVERSION</key>
				<string>YES</string>
				<key>GCC_WARN_ABOUT_RETURN_TYPE</key>
				<string>YES_ERROR</string>
				<key>GCC_WARN_UNDECLARED_SELECTOR</key>
				<string>YES</string>
				<key>GCC_WARN_UNINITIALIZED_AUTOS</key>
				<string>YES_AGGRESSIVE</string>
				<key>GCC_WARN_UNUSED_FUNCTION</key>
				<string>YES</string>
				<key>GCC_WARN_UNUSED_VARIABLE</key>
				<string>YES</string>
				<key>IPHONEOS_DEPLOYMENT_TARGET</key>
				<string>9.3</string>
				<key>MTL_ENABLE_DEBUG_INFO</key>
				<string>YES</string>
				<key>ONLY_ACTIVE_ARCH</key>
				<string>YES</string>
				<key>SDKROOT</key>
				<string>iphoneos</string>
			</dict>
			<key>isa</key>
			<string>XCBuildConfiguration</string>
			<key>name</key>
			<string>Debug</string>
		</dict>
		<key>187DAC841D5C132E00B8F2D0</key>
		<dict>
			<key>buildSettings</key>
			<dict>
				<key>ALWAYS_SEARCH_USER_PATHS</key>
				<string>NO</string>
				<key>CLANG_ANALYZER_NONNULL</key>
				<string>YES</string>
				<key>CLANG_CXX_LANGUAGE_STANDARD</key>
				<string>gnu++0x</string>
				<key>CLANG_CXX_LIBRARY</key>
				<string>libc++</string>
				<key>CLANG_ENABLE_MODULES</key>
				<string>YES</string>
				<key>CLANG_ENABLE_OBJC_ARC</key>
				<string>YES</string>
				<key>CLANG_WARN_BOOL_CONVERSION</key>
				<string>YES</string>
				<key>CLANG_WARN_CONSTANT_CONVERSION</key>
				<string>YES</string>
				<key>CLANG_WARN_DIRECT_OBJC_ISA_USAGE</key>
				<string>YES_ERROR</string>
				<key>CLANG_WARN_EMPTY_BODY</key>
				<string>YES</string>
				<key>CLANG_WARN_ENUM_CONVERSION</key>
				<string>YES</string>
				<key>CLANG_WARN_INT_CONVERSION</key>
				<string>YES</string>
				<key>CLANG_WARN_OBJC_ROOT_CLASS</key>
				<string>YES_ERROR</string>
				<key>CLANG_WARN_UNREACHABLE_CODE</key>
				<string>YES</string>
				<key>CLANG_WARN__DUPLICATE_METHOD_MATCH</key>
				<string>YES</string>
				<key>CODE_SIGN_IDENTITY[sdk=iphoneos*]</key>
				<string>iPhone Developer</string>
				<key>COPY_PHASE_STRIP</key>
				<string>NO</string>
				<key>DEBUG_INFORMATION_FORMAT</key>
				<string>dwarf-with-dsym</string>
				<key>ENABLE_NS_ASSERTIONS</key>
				<string>NO</string>
				<key>ENABLE_STRICT_OBJC_MSGSEND</key>
				<string>YES</string>
				<key>GCC_C_LANGUAGE_STANDARD</key>
				<string>gnu99</string>
				<key>GCC_NO_COMMON_BLOCKS</key>
				<string>YES</string>
				<key>GCC_WARN_64_TO_32_BIT_CONVERSION</key>
				<string>YES</string>
				<key>GCC_WARN_ABOUT_RETURN_TYPE</key>
				<string>YES_ERROR</string>
				<key>GCC_WARN_UNDECLARED_SELECTOR</key>
				<string>YES</string>
				<key>GCC_WARN_UNINITIALIZED_AUTOS</key>
				<string>YES_AGGRESSIVE</string>
				<key>GCC_WARN_UNUSED_FUNCTION</key>
				<string>YES</string>
				<key>GCC_WARN_UNUSED_VARIABLE</key>
				<string>YES</string>
				<key>IPHONEOS_DEPLOYMENT_TARGET</key>
				<string>9.3</string>
				<key>MTL_ENABLE_DEBUG_INFO</key>
				<string>NO</string>
				<key>SDKROOT</key>
				<string>iphoneos</string>
				<key>VALIDATE_PRODUCT</key>
				<string>YES</string>
			</dict>
			<key>isa</key>
			<string>XCBuildConfiguration</string>
			<key>name</key>
			<string>Release</string>
		</dict>
		<key>187DAC851D5C132E00B8F2D0</key>
		<dict>
			<key>buildConfigurations</key>
			<array>
				<string>187DAC861D5C132E00B8F2D0</string>
				<string>187DAC871D5C132E00B8F2D0</string>
			</array>
			<key>defaultConfigurationIsVisible</key>
			<string>0</string>
			<key>defaultConfigurationName</key>
			<string>Release</string>
			<key>isa</key>
			<string>XCConfigurationList</string>
		</dict>
		<key>187DAC861D5C132E00B8F2D0</key>
		<dict>
			<key>baseConfigurationReference</key>
			<string>FEAA35AA28AB86D0476E4AE8</string>
			<key>buildSettings</key>
			<dict>
				<key>ASSETCATALOG_COMPILER_APPICON_NAME</key>
				<string>AppIcon</string>
				<key>INFOPLIST_FILE</key>
				<string>KIImageViewer/Info.plist</string>
				<key>LD_RUNPATH_SEARCH_PATHS</key>
				<string>$(inherited) @executable_path/Frameworks</string>
				<key>PRODUCT_BUNDLE_IDENTIFIER</key>
				<string>com.smartwalle.KIImageViewer</string>
				<key>PRODUCT_NAME</key>
				<string>$(TARGET_NAME)</string>
			</dict>
			<key>isa</key>
			<string>XCBuildConfiguration</string>
			<key>name</key>
			<string>Debug</string>
		</dict>
		<key>187DAC871D5C132E00B8F2D0</key>
		<dict>
			<key>baseConfigurationReference</key>
			<string>EFC3798FF62DB087E3677427</string>
			<key>buildSettings</key>
			<dict>
				<key>ASSETCATALOG_COMPILER_APPICON_NAME</key>
				<string>AppIcon</string>
				<key>INFOPLIST_FILE</key>
				<string>KIImageViewer/Info.plist</string>
				<key>LD_RUNPATH_SEARCH_PATHS</key>
				<string>$(inherited) @executable_path/Frameworks</string>
				<key>PRODUCT_BUNDLE_IDENTIFIER</key>
				<string>com.smartwalle.KIImageViewer</string>
				<key>PRODUCT_NAME</key>
				<string>$(TARGET_NAME)</string>
			</dict>
			<key>isa</key>
			<string>XCBuildConfiguration</string>
			<key>name</key>
			<string>Release</string>
		</dict>
		<key>187DAC881D5C133C00B8F2D0</key>
		<dict>
			<key>children</key>
			<array>
				<string>187DAC891D5C143500B8F2D0</string>
				<string>187DAC8A1D5C143500B8F2D0</string>
				<string>187DAC921D5C264400B8F2D0</string>
				<string>187DAC931D5C264400B8F2D0</string>
				<string>187DAC8D1D5C144700B8F2D0</string>
				<string>187DAC8E1D5C144700B8F2D0</string>
				<string>187DACDB1D5C64D700B8F2D0</string>
				<string>187DACDC1D5C64D700B8F2D0</string>
				<string>D51971C01D5ECD3A0009C1FF</string>
				<string>D51971C11D5ECD3A0009C1FF</string>
			</array>
			<key>isa</key>
			<string>PBXGroup</string>
			<key>path</key>
			<string>KIImageViewer</string>
			<key>sourceTree</key>
			<string>&lt;group&gt;</string>
		</dict>
		<key>187DAC891D5C143500B8F2D0</key>
		<dict>
			<key>fileEncoding</key>
			<string>4</string>
			<key>isa</key>
			<string>PBXFileReference</string>
			<key>lastKnownFileType</key>
			<string>sourcecode.c.h</string>
			<key>path</key>
			<string>KIImageViewer.h</string>
			<key>sourceTree</key>
			<string>&lt;group&gt;</string>
		</dict>
		<key>187DAC8A1D5C143500B8F2D0</key>
		<dict>
			<key>fileEncoding</key>
			<string>4</string>
			<key>isa</key>
			<string>PBXFileReference</string>
			<key>lastKnownFileType</key>
			<string>sourcecode.c.objc</string>
			<key>path</key>
			<string>KIImageViewer.m</string>
			<key>sourceTree</key>
			<string>&lt;group&gt;</string>
		</dict>
		<key>187DAC8B1D5C143500B8F2D0</key>
		<dict>
			<key>fileRef</key>
			<string>187DAC8A1D5C143500B8F2D0</string>
			<key>isa</key>
			<string>PBXBuildFile</string>
		</dict>
		<key>187DAC8D1D5C144700B8F2D0</key>
		<dict>
			<key>fileEncoding</key>
			<string>4</string>
			<key>isa</key>
			<string>PBXFileReference</string>
			<key>lastKnownFileType</key>
			<string>sourcecode.c.h</string>
			<key>path</key>
			<string>KIZoomImageView.h</string>
			<key>sourceTree</key>
			<string>&lt;group&gt;</string>
		</dict>
		<key>187DAC8E1D5C144700B8F2D0</key>
		<dict>
			<key>fileEncoding</key>
			<string>4</string>
			<key>isa</key>
			<string>PBXFileReference</string>
			<key>lastKnownFileType</key>
			<string>sourcecode.c.objc</string>
			<key>path</key>
			<string>KIZoomImageView.m</string>
			<key>sourceTree</key>
			<string>&lt;group&gt;</string>
		</dict>
		<key>187DAC8F1D5C144700B8F2D0</key>
		<dict>
			<key>fileRef</key>
			<string>187DAC8E1D5C144700B8F2D0</string>
			<key>isa</key>
			<string>PBXBuildFile</string>
		</dict>
		<key>187DAC921D5C264400B8F2D0</key>
		<dict>
			<key>fileEncoding</key>
			<string>4</string>
			<key>isa</key>
			<string>PBXFileReference</string>
			<key>lastKnownFileType</key>
			<string>sourcecode.c.h</string>
			<key>path</key>
			<string>KIImageCollectionView.h</string>
			<key>sourceTree</key>
			<string>&lt;group&gt;</string>
		</dict>
		<key>187DAC931D5C264400B8F2D0</key>
		<dict>
			<key>fileEncoding</key>
			<string>4</string>
			<key>isa</key>
			<string>PBXFileReference</string>
			<key>lastKnownFileType</key>
			<string>sourcecode.c.objc</string>
			<key>path</key>
			<string>KIImageCollectionView.m</string>
			<key>sourceTree</key>
			<string>&lt;group&gt;</string>
		</dict>
		<key>187DAC941D5C264400B8F2D0</key>
		<dict>
			<key>fileRef</key>
			<string>187DAC931D5C264400B8F2D0</string>
			<key>isa</key>
			<string>PBXBuildFile</string>
		</dict>
		<key>187DACDB1D5C64D700B8F2D0</key>
		<dict>
			<key>fileEncoding</key>
			<string>4</string>
			<key>isa</key>
			<string>PBXFileReference</string>
			<key>lastKnownFileType</key>
			<string>sourcecode.c.h</string>
			<key>path</key>
			<string>UIImage+KIImageViewer.h</string>
			<key>sourceTree</key>
			<string>&lt;group&gt;</string>
		</dict>
		<key>187DACDC1D5C64D700B8F2D0</key>
		<dict>
			<key>fileEncoding</key>
			<string>4</string>
			<key>isa</key>
			<string>PBXFileReference</string>
			<key>lastKnownFileType</key>
			<string>sourcecode.c.objc</string>
			<key>path</key>
			<string>UIImage+KIImageViewer.m</string>
			<key>sourceTree</key>
			<string>&lt;group&gt;</string>
		</dict>
		<key>187DACDD1D5C64D700B8F2D0</key>
		<dict>
			<key>fileRef</key>
			<string>187DACDC1D5C64D700B8F2D0</string>
			<key>isa</key>
			<string>PBXBuildFile</string>
		</dict>
		<key>188B5D171D5D7CAC0050FD9B</key>
		<dict>
			<key>isa</key>
			<string>PBXFileReference</string>
			<key>lastKnownFileType</key>
			<string>image.jpeg</string>
			<key>path</key>
			<string>6.jpg</string>
			<key>sourceTree</key>
			<string>&lt;group&gt;</string>
		</dict>
		<key>188B5D181D5D7CAC0050FD9B</key>
		<dict>
			<key>fileRef</key>
			<string>188B5D171D5D7CAC0050FD9B</string>
			<key>isa</key>
			<string>PBXBuildFile</string>
		</dict>
		<key>188B5D191D5D9D5A0050FD9B</key>
		<dict>
			<key>isa</key>
			<string>PBXFileReference</string>
			<key>lastKnownFileType</key>
			<string>image.jpeg</string>
			<key>path</key>
			<string>c.jpg</string>
			<key>sourceTree</key>
			<string>&lt;group&gt;</string>
		</dict>
		<key>188B5D1A1D5D9D5A0050FD9B</key>
		<dict>
			<key>fileRef</key>
			<string>188B5D191D5D9D5A0050FD9B</string>
			<key>isa</key>
			<string>PBXBuildFile</string>
		</dict>
		<key>188B5D1C1D5DA45A0050FD9B</key>
		<dict>
			<key>isa</key>
			<string>PBXFileReference</string>
			<key>lastKnownFileType</key>
			<string>image.jpeg</string>
			<key>path</key>
			<string>d.jpg</string>
			<key>sourceTree</key>
			<string>&lt;group&gt;</string>
		</dict>
		<key>188B5D1D1D5DA45A0050FD9B</key>
		<dict>
			<key>fileRef</key>
			<string>188B5D1C1D5DA45A0050FD9B</string>
			<key>isa</key>
			<string>PBXBuildFile</string>
		</dict>
		<key>4EE87304437C53326C292AC1</key>
		<dict>
			<key>children</key>
			<array>
				<string>FEAA35AA28AB86D0476E4AE8</string>
				<string>EFC3798FF62DB087E3677427</string>
			</array>
			<key>isa</key>
			<string>PBXGroup</string>
			<key>name</key>
			<string>Pods</string>
			<key>sourceTree</key>
			<string>&lt;group&gt;</string>
		</dict>
		<key>6FF35D5642509616E8145772</key>
		<dict>
			<key>buildActionMask</key>
			<string>2147483647</string>
			<key>files</key>
			<array/>
			<key>inputPaths</key>
			<array/>
			<key>isa</key>
			<string>PBXShellScriptBuildPhase</string>
			<key>name</key>
			<string>Copy Pods Resources</string>
			<key>outputPaths</key>
			<array/>
			<key>runOnlyForDeploymentPostprocessing</key>
			<string>0</string>
			<key>shellPath</key>
			<string>/bin/sh</string>
			<key>shellScript</key>
			<string>"${SRCROOT}/Pods/Target Support Files/Pods/Pods-resources.sh"
</string>
			<key>showEnvVarsInLog</key>
			<string>0</string>
		</dict>
		<key>76B4C087EDD781B26C836302</key>
		<dict>
			<key>children</key>
			<array>
				<string>00573407FED6D630FD560FAE</string>
			</array>
			<key>isa</key>
			<string>PBXGroup</string>
			<key>name</key>
			<string>Frameworks</string>
			<key>sourceTree</key>
			<string>&lt;group&gt;</string>
		</dict>
		<key>D067B4D382171FCFDED5D06E</key>
		<dict>
			<key>fileRef</key>
			<string>00573407FED6D630FD560FAE</string>
			<key>isa</key>
			<string>PBXBuildFile</string>
		</dict>
		<key>D5025EF01D5DFB1A00F5FF26</key>
		<dict>
			<key>isa</key>
			<string>PBXFileReference</string>
			<key>lastKnownFileType</key>
			<string>image.png</string>
			<key>path</key>
			<string>a.png</string>
			<key>sourceTree</key>
			<string>&lt;group&gt;</string>
		</dict>
		<key>D5025EF11D5DFB1A00F5FF26</key>
		<dict>
			<key>fileRef</key>
			<string>D5025EF01D5DFB1A00F5FF26</string>
			<key>isa</key>
			<string>PBXBuildFile</string>
		</dict>
		<key>D51971C01D5ECD3A0009C1FF</key>
		<dict>
			<key>fileEncoding</key>
			<string>4</string>
			<key>isa</key>
			<string>PBXFileReference</string>
			<key>lastKnownFileType</key>
			<string>sourcecode.c.h</string>
			<key>path</key>
			<string>UIImageView+KIImageViewer.h</string>
			<key>sourceTree</key>
			<string>&lt;group&gt;</string>
		</dict>
		<key>D51971C11D5ECD3A0009C1FF</key>
		<dict>
			<key>fileEncoding</key>
			<string>4</string>
			<key>isa</key>
			<string>PBXFileReference</string>
			<key>lastKnownFileType</key>
			<string>sourcecode.c.objc</string>
			<key>path</key>
			<string>UIImageView+KIImageViewer.m</string>
			<key>sourceTree</key>
			<string>&lt;group&gt;</string>
		</dict>
		<key>D51971C21D5ECD3A0009C1FF</key>
		<dict>
			<key>fileRef</key>
			<string>D51971C11D5ECD3A0009C1FF</string>
			<key>isa</key>
			<string>PBXBuildFile</string>
		</dict>
		<key>D596096F1D5CBF1500B02310</key>
		<dict>
			<key>children</key>
			<array>
				<string>D5025EF01D5DFB1A00F5FF26</string>
				<string>188B5D1C1D5DA45A0050FD9B</string>
				<string>188B5D191D5D9D5A0050FD9B</string>
				<string>188B5D171D5D7CAC0050FD9B</string>
				<string>D59609701D5CBF1500B02310</string>
				<string>D59609711D5CBF1500B02310</string>
				<string>D59609721D5CBF1500B02310</string>
				<string>D59609731D5CBF1500B02310</string>
				<string>D59609741D5CBF1500B02310</string>
			</array>
			<key>isa</key>
			<string>PBXGroup</string>
			<key>path</key>
			<string>Images</string>
			<key>sourceTree</key>
			<string>&lt;group&gt;</string>
		</dict>
		<key>D59609701D5CBF1500B02310</key>
		<dict>
			<key>isa</key>
			<string>PBXFileReference</string>
			<key>lastKnownFileType</key>
			<string>image.jpeg</string>
			<key>path</key>
			<string>1.jpg</string>
			<key>sourceTree</key>
			<string>&lt;group&gt;</string>
		</dict>
		<key>D59609711D5CBF1500B02310</key>
		<dict>
			<key>isa</key>
			<string>PBXFileReference</string>
			<key>lastKnownFileType</key>
			<string>image.jpeg</string>
			<key>path</key>
			<string>2.jpg</string>
			<key>sourceTree</key>
			<string>&lt;group&gt;</string>
		</dict>
		<key>D59609721D5CBF1500B02310</key>
		<dict>
			<key>isa</key>
			<string>PBXFileReference</string>
			<key>lastKnownFileType</key>
			<string>image.jpeg</string>
			<key>path</key>
			<string>3.jpg</string>
			<key>sourceTree</key>
			<string>&lt;group&gt;</string>
		</dict>
		<key>D59609731D5CBF1500B02310</key>
		<dict>
			<key>isa</key>
			<string>PBXFileReference</string>
			<key>lastKnownFileType</key>
			<string>image.jpeg</string>
			<key>path</key>
			<string>4.jpg</string>
			<key>sourceTree</key>
			<string>&lt;group&gt;</string>
		</dict>
		<key>D59609741D5CBF1500B02310</key>
		<dict>
			<key>isa</key>
			<string>PBXFileReference</string>
			<key>lastKnownFileType</key>
			<string>image.jpeg</string>
			<key>path</key>
			<string>5.jpg</string>
			<key>sourceTree</key>
			<string>&lt;group&gt;</string>
		</dict>
		<key>D59609751D5CBF1500B02310</key>
		<dict>
			<key>fileRef</key>
			<string>D59609701D5CBF1500B02310</string>
			<key>isa</key>
			<string>PBXBuildFile</string>
		</dict>
		<key>D59609761D5CBF1500B02310</key>
		<dict>
			<key>fileRef</key>
			<string>D59609711D5CBF1500B02310</string>
			<key>isa</key>
			<string>PBXBuildFile</string>
		</dict>
		<key>D59609771D5CBF1500B02310</key>
		<dict>
			<key>fileRef</key>
			<string>D59609721D5CBF1500B02310</string>
			<key>isa</key>
			<string>PBXBuildFile</string>
		</dict>
		<key>D59609781D5CBF1500B02310</key>
		<dict>
			<key>fileRef</key>
			<string>D59609731D5CBF1500B02310</string>
			<key>isa</key>
			<string>PBXBuildFile</string>
		</dict>
		<key>D59609791D5CBF1500B02310</key>
		<dict>
			<key>fileRef</key>
			<string>D59609741D5CBF1500B02310</string>
			<key>isa</key>
			<string>PBXBuildFile</string>
		</dict>
		<key>E45815C17AEBE51DDEBE3D0C</key>
		<dict>
			<key>buildActionMask</key>
			<string>2147483647</string>
			<key>files</key>
			<array/>
			<key>inputPaths</key>
			<array/>
			<key>isa</key>
			<string>PBXShellScriptBuildPhase</string>
			<key>name</key>
			<string>Check Pods Manifest.lock</string>
			<key>outputPaths</key>
			<array/>
			<key>runOnlyForDeploymentPostprocessing</key>
			<string>0</string>
			<key>shellPath</key>
			<string>/bin/sh</string>
			<key>shellScript</key>
			<string>diff "${PODS_ROOT}/../Podfile.lock" "${PODS_ROOT}/Manifest.lock" &gt; /dev/null
if [[ $? != 0 ]] ; then
    cat &lt;&lt; EOM
error: The sandbox is not in sync with the Podfile.lock. Run 'pod install' or update your CocoaPods installation.
EOM
    exit 1
fi
</string>
			<key>showEnvVarsInLog</key>
			<string>0</string>
		</dict>
		<key>E606CFE69F6B479F31FF51DD</key>
		<dict>
			<key>buildActionMask</key>
			<string>2147483647</string>
			<key>files</key>
			<array/>
			<key>inputPaths</key>
			<array/>
			<key>isa</key>
			<string>PBXShellScriptBuildPhase</string>
			<key>name</key>
			<string>Embed Pods Frameworks</string>
			<key>outputPaths</key>
			<array/>
			<key>runOnlyForDeploymentPostprocessing</key>
			<string>0</string>
			<key>shellPath</key>
			<string>/bin/sh</string>
			<key>shellScript</key>
			<string>"${SRCROOT}/Pods/Target Support Files/Pods/Pods-frameworks.sh"
</string>
			<key>showEnvVarsInLog</key>
			<string>0</string>
		</dict>
		<key>EFC3798FF62DB087E3677427</key>
		<dict>
			<key>includeInIndex</key>
			<string>1</string>
			<key>isa</key>
			<string>PBXFileReference</string>
			<key>lastKnownFileType</key>
			<string>text.xcconfig</string>
			<key>name</key>
			<string>Pods.release.xcconfig</string>
			<key>path</key>
			<string>Pods/Target Support Files/Pods/Pods.release.xcconfig</string>
			<key>sourceTree</key>
			<string>&lt;group&gt;</string>
		</dict>
		<key>FEAA35AA28AB86D0476E4AE8</key>
		<dict>
			<key>includeInIndex</key>
			<string>1</string>
			<key>isa</key>
			<string>PBXFileReference</string>
			<key>lastKnownFileType</key>
			<string>text.xcconfig</string>
			<key>name</key>
			<string>Pods.debug.xcconfig</string>
			<key>path</key>
			<string>Pods/Target Support Files/Pods/Pods.debug.xcconfig</string>
			<key>sourceTree</key>
			<string>&lt;group&gt;</string>
		</dict>
	</dict>
	<key>rootObject</key>
	<string>187DAC661D5C132E00B8F2D0</string>
</dict>
</plist>
